
Microsoft Visual Studio Solution File, Format Version 12.00
# Visual Studio 15
VisualStudioVersion = 15.0.28307.329
MinimumVisualStudioVersion = 10.0.40219.1
Project("{FAE04EC0-301F-11D3-BF4B-00C04F79EFBC}") = "GeoLib.Data", "GeoLib.Data\GeoLib.Data.csproj", "{DB2CA02F-5D34-4734-8A44-634BFD381244}"
EndProject
Project("{FAE04EC0-301F-11D3-BF4B-00C04F79EFBC}") = "GeoLib.Core", "GeoLib.Core\GeoLib.Core.csproj", "{461922D9-747F-4BB0-AC2E-4737139EEDB6}"
EndProject
Project("{FAE04EC0-301F-11D3-BF4B-00C04F79EFBC}") = "GeoLib.Contracts", "GeoLib.Contracts\GeoLib.Contracts.csproj", "{5F1FFDBA-BBAA-4E8A-BE50-4A29675DD500}"
EndProject
Project("{FAE04EC0-301F-11D3-BF4B-00C04F79EFBC}") = "GeoLib.Services", "GeoLib.Services\GeoLib.Services.csproj", "{EE4A4FF2-57B8-42D2-A1A4-DBFDBC9CB949}"
EndProject
Project("{FAE04EC0-301F-11D3-BF4B-00C04F79EFBC}") = "GeoLib.Tests", "GeoLib.Tests\GeoLib.Tests.csproj", "{2C7C61E8-0922-48F3-8881-8F1D96710806}"
EndProject
Project("{2150E333-8FDC-42A3-9474-1A3956D46DE8}") = ".nuget", ".nuget", "{8AFE0611-78F6-48D6-943A-5D3DD1CF1936}"
	ProjectSection(SolutionItems) = preProject
		.nuget\NuGet.Config = .nuget\NuGet.Config
		.nuget\NuGet.exe = .nuget\NuGet.exe
		.nuget\NuGet.targets = .nuget\NuGet.targets
	EndProjectSection
EndProject
Project("{2150E333-8FDC-42A3-9474-1A3956D46DE8}") = "Hosting", "Hosting", "{FB116C08-F077-4419-A66C-4C8227642D66}"
EndProject
Project("{FAE04EC0-301F-11D3-BF4B-00C04F79EFBC}") = "GeoLib.ConsoleHost", "GeoLib.ConsoleHost\GeoLib.ConsoleHost.csproj", "{9A44AD8B-4ADE-47C9-94CB-2D5A9C5B2BB6}"
EndProject
Project("{FAE04EC0-301F-11D3-BF4B-00C04F79EFBC}") = "GeoLib.WebHost", "GeoLib.WebHost\GeoLib.WebHost.csproj", "{BD202E19-A39F-49B8-908A-02B04834E2F0}"
EndProject
Project("{FAE04EC0-301F-11D3-BF4B-00C04F79EFBC}") = "GeoLib.WindowsHost", "GeoLib.WindowsHost\GeoLib.WindowsHost.csproj", "{2E9A356E-3056-4A2D-8EBA-4270B465605A}"
EndProject
Project("{FAE04EC0-301F-11D3-BF4B-00C04F79EFBC}") = "GeoLib.Proxies", "GeoLib.Proxies\GeoLib.Proxies.csproj", "{E76A5686-E98A-4884-AC1C-2511CB06F5B5}"
EndProject
Project("{FAE04EC0-301F-11D3-BF4B-00C04F79EFBC}") = "GeoLib.Client", "GeoLib.Client\GeoLib.Client.csproj", "{49E428FC-C9DC-4C1A-B93A-7ACB32C7823F}"
EndProject
Global
	GlobalSection(SolutionConfigurationPlatforms) = preSolution
		Debug|Any CPU = Debug|Any CPU
		Release|Any CPU = Release|Any CPU
	EndGlobalSection
	GlobalSection(ProjectConfigurationPlatforms) = postSolution
		{DB2CA02F-5D34-4734-8A44-634BFD381244}.Debug|Any CPU.ActiveCfg = Debug|Any CPU
		{DB2CA02F-5D34-4734-8A44-634BFD381244}.Debug|Any CPU.Build.0 = Debug|Any CPU
		{DB2CA02F-5D34-4734-8A44-634BFD381244}.Release|Any CPU.ActiveCfg = Release|Any CPU
		{DB2CA02F-5D34-4734-8A44-634BFD381244}.Release|Any CPU.Build.0 = Release|Any CPU
		{461922D9-747F-4BB0-AC2E-4737139EEDB6}.Debug|Any CPU.ActiveCfg = Debug|Any CPU
		{461922D9-747F-4BB0-AC2E-4737139EEDB6}.Debug|Any CPU.Build.0 = Debug|Any CPU
		{461922D9-747F-4BB0-AC2E-4737139EEDB6}.Release|Any CPU.ActiveCfg = Release|Any CPU
		{461922D9-747F-4BB0-AC2E-4737139EEDB6}.Release|Any CPU.Build.0 = Release|Any CPU
		{5F1FFDBA-BBAA-4E8A-BE50-4A29675DD500}.Debug|Any CPU.ActiveCfg = Debug|Any CPU
		{5F1FFDBA-BBAA-4E8A-BE50-4A29675DD500}.Debug|Any CPU.Build.0 = Debug|Any CPU
		{5F1FFDBA-BBAA-4E8A-BE50-4A29675DD500}.Release|Any CPU.ActiveCfg = Release|Any CPU
		{5F1FFDBA-BBAA-4E8A-BE50-4A29675DD500}.Release|Any CPU.Build.0 = Release|Any CPU
		{EE4A4FF2-57B8-42D2-A1A4-DBFDBC9CB949}.Debug|Any CPU.ActiveCfg = Debug|Any CPU
		{EE4A4FF2-57B8-42D2-A1A4-DBFDBC9CB949}.Debug|Any CPU.Build.0 = Debug|Any CPU
		{EE4A4FF2-57B8-42D2-A1A4-DBFDBC9CB949}.Release|Any CPU.ActiveCfg = Release|Any CPU
		{EE4A4FF2-57B8-42D2-A1A4-DBFDBC9CB949}.Release|Any CPU.Build.0 = Release|Any CPU
		{2C7C61E8-0922-48F3-8881-8F1D96710806}.Debug|Any CPU.ActiveCfg = Debug|Any CPU
		{2C7C61E8-0922-48F3-8881-8F1D96710806}.Debug|Any CPU.Build.0 = Debug|Any CPU
		{2C7C61E8-0922-48F3-8881-8F1D96710806}.Release|Any CPU.ActiveCfg = Release|Any CPU
		{2C7C61E8-0922-48F3-8881-8F1D96710806}.Release|Any CPU.Build.0 = Release|Any CPU
		{9A44AD8B-4ADE-47C9-94CB-2D5A9C5B2BB6}.Debug|Any CPU.ActiveCfg = Debug|Any CPU
		{9A44AD8B-4ADE-47C9-94CB-2D5A9C5B2BB6}.Debug|Any CPU.Build.0 = Debug|Any CPU
		{9A44AD8B-4ADE-47C9-94CB-2D5A9C5B2BB6}.Release|Any CPU.ActiveCfg = Release|Any CPU
		{9A44AD8B-4ADE-47C9-94CB-2D5A9C5B2BB6}.Release|Any CPU.Build.0 = Release|Any CPU
		{BD202E19-A39F-49B8-908A-02B04834E2F0}.Debug|Any CPU.ActiveCfg = Debug|Any CPU
		{BD202E19-A39F-49B8-908A-02B04834E2F0}.Debug|Any CPU.Build.0 = Debug|Any CPU
		{BD202E19-A39F-49B8-908A-02B04834E2F0}.Release|Any CPU.ActiveCfg = Release|Any CPU
		{BD202E19-A39F-49B8-908A-02B04834E2F0}.Release|Any CPU.Build.0 = Release|Any CPU
		{2E9A356E-3056-4A2D-8EBA-4270B465605A}.Debug|Any CPU.ActiveCfg = Debug|Any CPU
		{2E9A356E-3056-4A2D-8EBA-4270B465605A}.Debug|Any CPU.Build.0 = Debug|Any CPU
		{2E9A356E-3056-4A2D-8EBA-4270B465605A}.Release|Any CPU.ActiveCfg = Release|Any CPU
		{2E9A356E-3056-4A2D-8EBA-4270B465605A}.Release|Any CPU.Build.0 = Release|Any CPU
		{E76A5686-E98A-4884-AC1C-2511CB06F5B5}.Debug|Any CPU.ActiveCfg = Debug|Any CPU
		{E76A5686-E98A-4884-AC1C-2511CB06F5B5}.Debug|Any CPU.Build.0 = Debug|Any CPU
		{E76A5686-E98A-4884-AC1C-2511CB06F5B5}.Release|Any CPU.ActiveCfg = Release|Any CPU
		{E76A5686-E98A-4884-AC1C-2511CB06F5B5}.Release|Any CPU.Build.0 = Release|Any CPU
		{49E428FC-C9DC-4C1A-B93A-7ACB32C7823F}.Debug|Any CPU.ActiveCfg = Debug|Any CPU
		{49E428FC-C9DC-4C1A-B93A-7ACB32C7823F}.Debug|Any CPU.Build.0 = Debug|Any CPU
		{49E428FC-C9DC-4C1A-B93A-7ACB32C7823F}.Release|Any CPU.ActiveCfg = Release|Any CPU
		{49E428FC-C9DC-4C1A-B93A-7ACB32C7823F}.Release|Any CPU.Build.0 = Release|Any CPU
	EndGlobalSection
	GlobalSection(SolutionProperties) = preSolution
		HideSolutionNode = FALSE
	EndGlobalSection
	GlobalSection(NestedProjects) = preSolution
		{9A44AD8B-4ADE-47C9-94CB-2D5A9C5B2BB6} = {FB116C08-F077-4419-A66C-4C8227642D66}
		{BD202E19-A39F-49B8-908A-02B04834E2F0} = {FB116C08-F077-4419-A66C-4C8227642D66}
		{2E9A356E-3056-4A2D-8EBA-4270B465605A} = {FB116C08-F077-4419-A66C-4C8227642D66}
	EndGlobalSection
	GlobalSection(ExtensibilityGlobals) = postSolution
		SolutionGuid = {61F7308E-ADC5-4099-8051-55D56AF29352}
	EndGlobalSection
EndGlobal
